
Microsoft Visual Studio Solution File, Format Version 12.00
# Visual Studio Version 17
VisualStudioVersion = 17.8.34309.116
MinimumVisualStudioVersion = 10.0.40219.1
Project("{FAE04EC0-301F-11D3-BF4B-00C04F79EFBC}") = "QuanLyKhoDienThoai", "QuanLyKhoDienThoai\QuanLyKhoDienThoai.csproj", "{B10277A3-1118-4DC6-BF35-DCEF0D3DF61C}"
EndProject
Global
	GlobalSection(SolutionConfigurationPlatforms) = preSolution
		Debug|Any CPU = Debug|Any CPU
		Release|Any CPU = Release|Any CPU
	EndGlobalSection
	GlobalSection(ProjectConfigurationPlatforms) = postSolution
		{B10277A3-1118-4DC6-BF35-DCEF0D3DF61C}.Debug|Any CPU.ActiveCfg = Debug|Any CPU
		{B10277A3-1118-4DC6-BF35-DCEF0D3DF61C}.Debug|Any CPU.Build.0 = Debug|Any CPU
		{B10277A3-1118-4DC6-BF35-DCEF0D3DF61C}.Release|Any CPU.ActiveCfg = Release|Any CPU
		{B10277A3-1118-4DC6-BF35-DCEF0D3DF61C}.Release|Any CPU.Build.0 = Release|Any CPU
	EndGlobalSection
	GlobalSection(SolutionProperties) = preSolution
		HideSolutionNode = FALSE
	EndGlobalSection
	GlobalSection(ExtensibilityGlobals) = postSolution
		SolutionGuid = {64FB06FB-B849-4F94-87DC-28D6640E3586}
	EndGlobalSection
EndGlobal
